{
  "lockfile_version": "1",
  "packages": {
    "github:NixOS/nixpkgs/nixpkgs-unstable": {
      "resolved": "github:NixOS/nixpkgs/8d6cdc7756817e0c4b24567271634a44bcf80752?lastModified=1749743618&narHash=sha256-ibsz06u1jlWyH7YURnRhLQn38Tuc5zwknr00suFjvfA%3D"
    },
    "go@latest": {
      "last_modified": "2025-05-16T20:19:48Z",
      "resolved": "github:NixOS/nixpkgs/12a55407652e04dcf2309436eb06fef0d3713ef3#go",
      "source": "devbox-search",
      "version": "1.24.3",
      "systems": {
        "aarch64-darwin": {
          "outputs": [
            {
              "name": "out",
              "path": "/nix/store/ps3admpzmc1ryvn9q7sw5xfd94dkrb3f-go-1.24.3",
              "default": true
            }
          ],
          "store_path": "/nix/store/ps3admpzmc1ryvn9q7sw5xfd94dkrb3f-go-1.24.3"
        },
        "aarch64-linux": {
          "outputs": [
            {
              "name": "out",
              "path": "/nix/store/45bnqhyyq40p91k3cjw0farx3hn1swx6-go-1.24.3",
              "default": true
            }
          ],
          "store_path": "/nix/store/45bnqhyyq40p91k3cjw0farx3hn1swx6-go-1.24.3"
        },
        "x86_64-darwin": {
          "outputs": [
            {
              "name": "out",
              "path": "/nix/store/9z2kb6hxij7pqi0fgcn9ijhpb7ajpazs-go-1.24.3",
              "default": true
            }
          ],
          "store_path": "/nix/store/9z2kb6hxij7pqi0fgcn9ijhpb7ajpazs-go-1.24.3"
        },
        "x86_64-linux": {
          "outputs": [
            {
              "name": "out",
              "path": "/nix/store/5xvi25nqmbrg58aixp4zgczilfnp7pwg-go-1.24.3",
              "default": true
            }
          ],
          "store_path": "/nix/store/5xvi25nqmbrg58aixp4zgczilfnp7pwg-go-1.24.3"
        }
      }
    },
    "golangci-lint@2.1": {
      "last_modified": "2025-05-16T20:19:48Z",
      "resolved": "github:NixOS/nixpkgs/12a55407652e04dcf2309436eb06fef0d3713ef3#golangci-lint",
      "source": "devbox-search",
      "version": "2.1.6",
      "systems": {
        "aarch64-darwin": {
          "outputs": [
            {
              "name": "out",
              "path": "/nix/store/8d3n5ly5r6prqyx3h5nr2v778hzwp83r-golangci-lint-2.1.6",
              "default": true
            }
          ],
          "store_path": "/nix/store/8d3n5ly5r6prqyx3h5nr2v778hzwp83r-golangci-lint-2.1.6"
        },
        "aarch64-linux": {
          "outputs": [
            {
              "name": "out",
              "path": "/nix/store/sazvkjsaxnpnplrsaj5wf1x9xkgv0s88-golangci-lint-2.1.6",
              "default": true
            }
          ],
          "store_path": "/nix/store/sazvkjsaxnpnplrsaj5wf1x9xkgv0s88-golangci-lint-2.1.6"
        },
        "x86_64-darwin": {
          "outputs": [
            {
              "name": "out",
              "path": "/nix/store/cqfnavdyysfdm9cam8bsyscbsk8zg781-golangci-lint-2.1.6",
              "default": true
            }
          ],
          "store_path": "/nix/store/cqfnavdyysfdm9cam8bsyscbsk8zg781-golangci-lint-2.1.6"
        },
        "x86_64-linux": {
          "outputs": [
            {
              "name": "out",
              "path": "/nix/store/snqg2xccy7fb6q6n2dw3bfql6mqbh6ar-golangci-lint-2.1.6",
              "default": true
            }
          ],
          "store_path": "/nix/store/snqg2xccy7fb6q6n2dw3bfql6mqbh6ar-golangci-lint-2.1.6"
        }
      }
    }
  }
}
